
Microsoft Visual Studio Solution File, Format Version 12.00
# Visual Studio 15
VisualStudioVersion = 15.0.28307.421
MinimumVisualStudioVersion = 10.0.40219.1
Project("{FAE04EC0-301F-11D3-BF4B-00C04F79EFBC}") = "B2D4_WindowsFormsAppExamples", "WindowsFormsAppExamplesRWA\B2D4_WindowsFormsAppExamples.csproj", "{14348C07-21E3-4F51-9F92-45BC514F411B}"
EndProject
Global
	GlobalSection(SolutionConfigurationPlatforms) = preSolution
		Debug|Any CPU = Debug|Any CPU
		Release|Any CPU = Release|Any CPU
	EndGlobalSection
	GlobalSection(ProjectConfigurationPlatforms) = postSolution
		{14348C07-21E3-4F51-9F92-45BC514F411B}.Debug|Any CPU.ActiveCfg = Debug|Any CPU
		{14348C07-21E3-4F51-9F92-45BC514F411B}.Debug|Any CPU.Build.0 = Debug|Any CPU
		{14348C07-21E3-4F51-9F92-45BC514F411B}.Release|Any CPU.ActiveCfg = Release|Any CPU
		{14348C07-21E3-4F51-9F92-45BC514F411B}.Release|Any CPU.Build.0 = Release|Any CPU
	EndGlobalSection
	GlobalSection(SolutionProperties) = preSolution
		HideSolutionNode = FALSE
	EndGlobalSection
	GlobalSection(ExtensibilityGlobals) = postSolution
		SolutionGuid = {D7DA3071-7277-45E3-9C2E-151740FE0396}
	EndGlobalSection
EndGlobal
